
Microsoft Visual Studio Solution File, Format Version 10.00
# Visual Studio 2008
Project("{FAE04EC0-301F-11D3-BF4B-00C04F79EFBC}") = "olexlib", "olexlib\olexlib.csproj", "{438D01D6-2DBE-4390-B7D1-E072D69107E9}"
EndProject
Global
	GlobalSection(SolutionConfigurationPlatforms) = preSolution
		Debug|Any CPU = Debug|Any CPU
		Release|Any CPU = Release|Any CPU
	EndGlobalSection
	GlobalSection(ProjectConfigurationPlatforms) = postSolution
		{438D01D6-2DBE-4390-B7D1-E072D69107E9}.Debug|Any CPU.ActiveCfg = Debug|Any CPU
		{438D01D6-2DBE-4390-B7D1-E072D69107E9}.Debug|Any CPU.Build.0 = Debug|Any CPU
		{438D01D6-2DBE-4390-B7D1-E072D69107E9}.Release|Any CPU.ActiveCfg = Release|Any CPU
		{438D01D6-2DBE-4390-B7D1-E072D69107E9}.Release|Any CPU.Build.0 = Release|Any CPU
	EndGlobalSection
	GlobalSection(MonoDevelopProperties) = preSolution
		StartupItem = olexlib\olexlib.csproj
	EndGlobalSection
EndGlobal
